
Microsoft Visual Studio Solution File, Format Version 12.00
# Visual Studio Version 17
VisualStudioVersion = 17.6.33829.357
MinimumVisualStudioVersion = 10.0.40219.1
Project("{FAE04EC0-301F-11D3-BF4B-00C04F79EFBC}") = "AvaloniaApplication2", "AvaloniaApplication2.csproj", "{1BE334AD-42CC-4F14-88F8-0E5B26854148}"
EndProject
Global
	GlobalSection(SolutionConfigurationPlatforms) = preSolution
		Debug|Any CPU = Debug|Any CPU
		Release|Any CPU = Release|Any CPU
	EndGlobalSection
	GlobalSection(ProjectConfigurationPlatforms) = postSolution
		{1BE334AD-42CC-4F14-88F8-0E5B26854148}.Debug|Any CPU.ActiveCfg = Debug|Any CPU
		{1BE334AD-42CC-4F14-88F8-0E5B26854148}.Debug|Any CPU.Build.0 = Debug|Any CPU
		{1BE334AD-42CC-4F14-88F8-0E5B26854148}.Release|Any CPU.ActiveCfg = Release|Any CPU
		{1BE334AD-42CC-4F14-88F8-0E5B26854148}.Release|Any CPU.Build.0 = Release|Any CPU
	EndGlobalSection
	GlobalSection(SolutionProperties) = preSolution
		HideSolutionNode = FALSE
	EndGlobalSection
	GlobalSection(ExtensibilityGlobals) = postSolution
		SolutionGuid = {7348EFD1-5B6F-4165-8763-983221BCABA6}
	EndGlobalSection
EndGlobal
